{
  "name": "peliculas_maqueta",
  "version": "1.0.0",
  "lockfileVersion": 2,
  "requires": true,
  "packages": {
    "": {
      "name": "peliculas_maqueta",
      "version": "1.0.0",
      "license": "ISC",
      "dependencies": {
        "jquery-csv": "^1.0.21",
        "node-csv": "^0.1.2"
      }
    },
    "node_modules/jquery-csv": {
      "version": "1.0.21",
      "resolved": "https://registry.npmjs.org/jquery-csv/-/jquery-csv-1.0.21.tgz",
      "integrity": "sha512-uDIFsJcC4xZEofK9pk3hwFQlyqf3FFwkQq6JIa882lf0pu/S0H4LqjCAEaULGM0uOcdCbGbMBh3b3LmPtF1a9A=="
    },
    "node_modules/node-csv": {
      "version": "0.1.2",
      "resolved": "https://registry.npmjs.org/node-csv/-/node-csv-0.1.2.tgz",
      "integrity": "sha1-/8ht8l89wHOQIKsVEh4tMDPnRwA=",
      "engines": {
        "node": ">=0.2.2"
      }
    }
  },
  "dependencies": {
    "jquery-csv": {
      "version": "1.0.21",
      "resolved": "https://registry.npmjs.org/jquery-csv/-/jquery-csv-1.0.21.tgz",
      "integrity": "sha512-uDIFsJcC4xZEofK9pk3hwFQlyqf3FFwkQq6JIa882lf0pu/S0H4LqjCAEaULGM0uOcdCbGbMBh3b3LmPtF1a9A=="
    },
    "node-csv": {
      "version": "0.1.2",
      "resolved": "https://registry.npmjs.org/node-csv/-/node-csv-0.1.2.tgz",
      "integrity": "sha1-/8ht8l89wHOQIKsVEh4tMDPnRwA="
    }
  }
}
